
Microsoft Visual Studio Solution File, Format Version 12.00
# Visual Studio Version 16
VisualStudioVersion = 16.0.31025.194
MinimumVisualStudioVersion = 10.0.40219.1
Project("{FAE04EC0-301F-11D3-BF4B-00C04F79EFBC}") = "Trojuhelnik", "Trojuhelnik\Trojuhelnik.csproj", "{44B9D6A2-17A0-4859-8D53-29298369E901}"
EndProject
Global
	GlobalSection(SolutionConfigurationPlatforms) = preSolution
		Debug|Any CPU = Debug|Any CPU
		Release|Any CPU = Release|Any CPU
	EndGlobalSection
	GlobalSection(ProjectConfigurationPlatforms) = postSolution
		{44B9D6A2-17A0-4859-8D53-29298369E901}.Debug|Any CPU.ActiveCfg = Debug|Any CPU
		{44B9D6A2-17A0-4859-8D53-29298369E901}.Debug|Any CPU.Build.0 = Debug|Any CPU
		{44B9D6A2-17A0-4859-8D53-29298369E901}.Release|Any CPU.ActiveCfg = Release|Any CPU
		{44B9D6A2-17A0-4859-8D53-29298369E901}.Release|Any CPU.Build.0 = Release|Any CPU
	EndGlobalSection
	GlobalSection(SolutionProperties) = preSolution
		HideSolutionNode = FALSE
	EndGlobalSection
	GlobalSection(ExtensibilityGlobals) = postSolution
		SolutionGuid = {C5829539-7092-42B4-999E-3DCCB2F8E4F3}
	EndGlobalSection
EndGlobal
